
Microsoft Visual Studio Solution File, Format Version 12.00
# Visual Studio Version 17
VisualStudioVersion = 17.14.36705.20 d17.14
MinimumVisualStudioVersion = 10.0.40219.1
Project("{FAE04EC0-301F-11D3-BF4B-00C04F79EFBC}") = "Sakkfeladvany", "Sakkfeladvany\Sakkfeladvany.csproj", "{F344C891-7D18-4924-A449-F0C8DDD29CAF}"
EndProject
Global
	GlobalSection(SolutionConfigurationPlatforms) = preSolution
		Debug|Any CPU = Debug|Any CPU
		Release|Any CPU = Release|Any CPU
	EndGlobalSection
	GlobalSection(ProjectConfigurationPlatforms) = postSolution
		{F344C891-7D18-4924-A449-F0C8DDD29CAF}.Debug|Any CPU.ActiveCfg = Debug|Any CPU
		{F344C891-7D18-4924-A449-F0C8DDD29CAF}.Debug|Any CPU.Build.0 = Debug|Any CPU
		{F344C891-7D18-4924-A449-F0C8DDD29CAF}.Release|Any CPU.ActiveCfg = Release|Any CPU
		{F344C891-7D18-4924-A449-F0C8DDD29CAF}.Release|Any CPU.Build.0 = Release|Any CPU
	EndGlobalSection
	GlobalSection(SolutionProperties) = preSolution
		HideSolutionNode = FALSE
	EndGlobalSection
	GlobalSection(ExtensibilityGlobals) = postSolution
		SolutionGuid = {97878A17-E1AF-4F0B-889D-98817435200C}
	EndGlobalSection
EndGlobal
